
Microsoft Visual Studio Solution File, Format Version 12.00
# Visual Studio Version 16
VisualStudioVersion = 16.0.29613.14
MinimumVisualStudioVersion = 10.0.40219.1
Project("{FAE04EC0-301F-11D3-BF4B-00C04F79EFBC}") = "OCR_App", "OCR_App\OCR_App.csproj", "{7D10D1C3-0C85-4841-BB61-8FC9C9673CF7}"
EndProject
Global
	GlobalSection(SolutionConfigurationPlatforms) = preSolution
		Debug|Any CPU = Debug|Any CPU
		Release|Any CPU = Release|Any CPU
	EndGlobalSection
	GlobalSection(ProjectConfigurationPlatforms) = postSolution
		{7D10D1C3-0C85-4841-BB61-8FC9C9673CF7}.Debug|Any CPU.ActiveCfg = Debug|Any CPU
		{7D10D1C3-0C85-4841-BB61-8FC9C9673CF7}.Debug|Any CPU.Build.0 = Debug|Any CPU
		{7D10D1C3-0C85-4841-BB61-8FC9C9673CF7}.Release|Any CPU.ActiveCfg = Release|Any CPU
		{7D10D1C3-0C85-4841-BB61-8FC9C9673CF7}.Release|Any CPU.Build.0 = Release|Any CPU
	EndGlobalSection
	GlobalSection(SolutionProperties) = preSolution
		HideSolutionNode = FALSE
	EndGlobalSection
	GlobalSection(ExtensibilityGlobals) = postSolution
		SolutionGuid = {FDB3E8E6-EAD5-4B31-AAF7-EF6B485446FE}
	EndGlobalSection
EndGlobal
